{
	"name": "client-uniapp",
	"lockfileVersion": 3,
	"requires": true,
	"packages": {
		"": {
			"dependencies": {
				"@climblee/uv-ui": "^1.1.20",
				"crypto-js": "^4.2.0",
				"jsencrypt": "^3.3.2",
				"marked": "^13.0.3",
				"pdfh5": "^1.4.9",
				"pinia": "^2.1.7",
				"vconsole": "^3.15.1"
			},
			"devDependencies": {
				"less": "^4.2.0"
			}
		},
		"node_modules/@babel/runtime": {
			"version": "7.23.9",
			"resolved": "https://registry.npmjs.org/@babel/runtime/-/runtime-7.23.9.tgz",
			"integrity": "sha512-0CX6F+BI2s9dkUqr08KFrAIZgNFj75rdBU/DjCyYLIaV/quFjkk6T+EJ2LkZHyZTbEV4L5p97mNkUsHl2wLFAw==",
			"dependencies": {
				"regenerator-runtime": "^0.14.0"
			},
			"engines": {
				"node": ">=6.9.0"
			}
		},
		"node_modules/@climblee/uv-ui": {
			"version": "1.1.20",
			"resolved": "https://registry.npmmirror.com/@climblee/uv-ui/-/uv-ui-1.1.20.tgz",
			"integrity": "sha512-jkyesHJsPJkF4Nap9ZmG1/ibKlxXA5M8+ntqKXwwloIsYSYL5SOKb0gyPj17aBOU1PkJpmeiZ8PwnTolhK2/HA=="
		},
		"node_modules/@vue/devtools-api": {
			"version": "6.6.3",
			"resolved": "https://registry.npmmirror.com/@vue/devtools-api/-/devtools-api-6.6.3.tgz",
			"integrity": "sha512-0MiMsFma/HqA6g3KLKn+AGpL1kgKhFWszC9U29NfpWK5LE7bjeXxySWJrOJ77hBz+TBrBQ7o4QJqbPbqbs8rJw=="
		},
		"node_modules/copy-anything": {
			"version": "2.0.6",
			"resolved": "https://registry.npmmirror.com/copy-anything/-/copy-anything-2.0.6.tgz",
			"integrity": "sha512-1j20GZTsvKNkc4BY3NpMOM8tt///wY3FpIzozTOFO2ffuZcV61nojHXVKIy3WM+7ADCy5FVhdZYHYDdgTU0yJw==",
			"dev": true,
			"dependencies": {
				"is-what": "^3.14.1"
			},
			"funding": {
				"url": "https://github.com/sponsors/mesqueeb"
			}
		},
		"node_modules/copy-text-to-clipboard": {
			"version": "3.2.0",
			"resolved": "https://registry.npmjs.org/copy-text-to-clipboard/-/copy-text-to-clipboard-3.2.0.tgz",
			"integrity": "sha512-RnJFp1XR/LOBDckxTib5Qjr/PMfkatD0MUCQgdpqS8MdKiNUzBjAQBEN6oUy+jW7LI93BBG3DtMB2KOOKpGs2Q==",
			"engines": {
				"node": ">=12"
			},
			"funding": {
				"url": "https://github.com/sponsors/sindresorhus"
			}
		},
		"node_modules/core-js": {
			"version": "3.36.0",
			"resolved": "https://registry.npmjs.org/core-js/-/core-js-3.36.0.tgz",
			"integrity": "sha512-mt7+TUBbTFg5+GngsAxeKBTl5/VS0guFeJacYge9OmHb+m058UwwIm41SE9T4Den7ClatV57B6TYTuJ0CX1MAw==",
			"hasInstallScript": true,
			"funding": {
				"type": "opencollective",
				"url": "https://opencollective.com/core-js"
			}
		},
		"node_modules/crypto-js": {
			"version": "4.2.0",
			"resolved": "https://registry.npmjs.org/crypto-js/-/crypto-js-4.2.0.tgz",
			"integrity": "sha512-KALDyEYgpY+Rlob/iriUtjV6d5Eq+Y191A5g4UqLAi8CyGP9N1+FdVbkc1SxKc2r4YAYqG8JzO2KGL+AizD70Q=="
		},
		"node_modules/errno": {
			"version": "0.1.8",
			"resolved": "https://registry.npmmirror.com/errno/-/errno-0.1.8.tgz",
			"integrity": "sha512-dJ6oBr5SQ1VSd9qkk7ByRgb/1SH4JZjCHSW/mr63/QcXO9zLVxvJ6Oy13nio03rxpSnVDDjFor75SjVeZWPW/A==",
			"dev": true,
			"optional": true,
			"dependencies": {
				"prr": "~1.0.1"
			},
			"bin": {
				"errno": "cli.js"
			}
		},
		"node_modules/graceful-fs": {
			"version": "4.2.11",
			"resolved": "https://registry.npmmirror.com/graceful-fs/-/graceful-fs-4.2.11.tgz",
			"integrity": "sha512-RbJ5/jmFcNNCcDV5o9eTnBLJ/HszWV0P73bc+Ff4nS/rJj+YaS6IGyiOL0VoBYX+l1Wrl3k63h/KrH+nhJ0XvQ==",
			"dev": true,
			"optional": true
		},
		"node_modules/iconv-lite": {
			"version": "0.6.3",
			"resolved": "https://registry.npmmirror.com/iconv-lite/-/iconv-lite-0.6.3.tgz",
			"integrity": "sha512-4fCk79wshMdzMp2rH06qWrJE4iolqLhCUH+OiuIgU++RB0+94NlDL81atO7GX55uUKueo0txHNtvEyI6D7WdMw==",
			"dev": true,
			"optional": true,
			"dependencies": {
				"safer-buffer": ">= 2.1.2 < 3.0.0"
			},
			"engines": {
				"node": ">=0.10.0"
			}
		},
		"node_modules/image-size": {
			"version": "0.5.5",
			"resolved": "https://registry.npmmirror.com/image-size/-/image-size-0.5.5.tgz",
			"integrity": "sha512-6TDAlDPZxUFCv+fuOkIoXT/V/f3Qbq8e37p+YOiYrUv3v9cc3/6x78VdfPgFVaB9dZYeLUfKgHRebpkm/oP2VQ==",
			"dev": true,
			"optional": true,
			"bin": {
				"image-size": "bin/image-size.js"
			},
			"engines": {
				"node": ">=0.10.0"
			}
		},
		"node_modules/is-what": {
			"version": "3.14.1",
			"resolved": "https://registry.npmmirror.com/is-what/-/is-what-3.14.1.tgz",
			"integrity": "sha512-sNxgpk9793nzSs7bA6JQJGeIuRBQhAaNGG77kzYQgMkrID+lS6SlK07K5LaptscDlSaIgH+GPFzf+d75FVxozA==",
			"dev": true
		},
		"node_modules/jsencrypt": {
			"version": "3.3.2",
			"resolved": "https://registry.npmjs.org/jsencrypt/-/jsencrypt-3.3.2.tgz",
			"integrity": "sha512-arQR1R1ESGdAxY7ZheWr12wCaF2yF47v5qpB76TtV64H1pyGudk9Hvw8Y9tb/FiTIaaTRUyaSnm5T/Y53Ghm/A=="
		},
		"node_modules/less": {
			"version": "4.2.0",
			"resolved": "https://registry.npmmirror.com/less/-/less-4.2.0.tgz",
			"integrity": "sha512-P3b3HJDBtSzsXUl0im2L7gTO5Ubg8mEN6G8qoTS77iXxXX4Hvu4Qj540PZDvQ8V6DmX6iXo98k7Md0Cm1PrLaA==",
			"dev": true,
			"dependencies": {
				"copy-anything": "^2.0.1",
				"parse-node-version": "^1.0.1",
				"tslib": "^2.3.0"
			},
			"bin": {
				"lessc": "bin/lessc"
			},
			"engines": {
				"node": ">=6"
			},
			"optionalDependencies": {
				"errno": "^0.1.1",
				"graceful-fs": "^4.1.2",
				"image-size": "~0.5.0",
				"make-dir": "^2.1.0",
				"mime": "^1.4.1",
				"needle": "^3.1.0",
				"source-map": "~0.6.0"
			}
		},
		"node_modules/make-dir": {
			"version": "2.1.0",
			"resolved": "https://registry.npmmirror.com/make-dir/-/make-dir-2.1.0.tgz",
			"integrity": "sha512-LS9X+dc8KLxXCb8dni79fLIIUA5VyZoyjSMCwTluaXA0o27cCK0bhXkpgw+sTXVpPy/lSO57ilRixqk0vDmtRA==",
			"dev": true,
			"optional": true,
			"dependencies": {
				"pify": "^4.0.1",
				"semver": "^5.6.0"
			},
			"engines": {
				"node": ">=6"
			}
		},
		"node_modules/marked": {
			"version": "13.0.3",
			"resolved": "https://registry.npmmirror.com/marked/-/marked-13.0.3.tgz",
			"integrity": "sha512-rqRix3/TWzE9rIoFGIn8JmsVfhiuC8VIQ8IdX5TfzmeBucdY05/0UlzKaw0eVtpcN/OdVFpBk7CjKGo9iHJ/zA==",
			"bin": {
				"marked": "bin/marked.js"
			},
			"engines": {
				"node": ">= 18"
			}
		},
		"node_modules/mime": {
			"version": "1.6.0",
			"resolved": "https://registry.npmmirror.com/mime/-/mime-1.6.0.tgz",
			"integrity": "sha512-x0Vn8spI+wuJ1O6S7gnbaQg8Pxh4NNHb7KSINmEWKiPE4RKOplvijn+NkmYmmRgP68mc70j2EbeTFRsrswaQeg==",
			"dev": true,
			"optional": true,
			"bin": {
				"mime": "cli.js"
			},
			"engines": {
				"node": ">=4"
			}
		},
		"node_modules/mutation-observer": {
			"version": "1.0.3",
			"resolved": "https://registry.npmjs.org/mutation-observer/-/mutation-observer-1.0.3.tgz",
			"integrity": "sha512-M/O/4rF2h776hV7qGMZUH3utZLO/jK7p8rnNgGkjKUw8zCGjRQPxB8z6+5l8+VjRUQ3dNYu4vjqXYLr+U8ZVNA=="
		},
		"node_modules/needle": {
			"version": "3.3.1",
			"resolved": "https://registry.npmmirror.com/needle/-/needle-3.3.1.tgz",
			"integrity": "sha512-6k0YULvhpw+RoLNiQCRKOl09Rv1dPLr8hHnVjHqdolKwDrdNyk+Hmrthi4lIGPPz3r39dLx0hsF5s40sZ3Us4Q==",
			"dev": true,
			"optional": true,
			"dependencies": {
				"iconv-lite": "^0.6.3",
				"sax": "^1.2.4"
			},
			"bin": {
				"needle": "bin/needle"
			},
			"engines": {
				"node": ">= 4.4.x"
			}
		},
		"node_modules/parse-node-version": {
			"version": "1.0.1",
			"resolved": "https://registry.npmmirror.com/parse-node-version/-/parse-node-version-1.0.1.tgz",
			"integrity": "sha512-3YHlOa/JgH6Mnpr05jP9eDG254US9ek25LyIxZlDItp2iJtwyaXQb57lBYLdT3MowkUFYEV2XXNAYIPlESvJlA==",
			"dev": true,
			"engines": {
				"node": ">= 0.10"
			}
		},
		"node_modules/pdfh5": {
			"version": "1.4.9",
			"resolved": "https://registry.npmjs.org/pdfh5/-/pdfh5-1.4.9.tgz",
			"integrity": "sha512-BCKDjvfMY7+aLjv5/imP+Z6WCX26HH3EcBOKtfvPEpvzZaYepsypFoZEI7a0y+GngCzc4rPaupFsPCSVMonS5w=="
		},
		"node_modules/pify": {
			"version": "4.0.1",
			"resolved": "https://registry.npmmirror.com/pify/-/pify-4.0.1.tgz",
			"integrity": "sha512-uB80kBFb/tfd68bVleG9T5GGsGPjJrLAUpR5PZIrhBnIaRTQRjqdJSsIKkOP6OAIFbj7GOrcudc5pNjZ+geV2g==",
			"dev": true,
			"optional": true,
			"engines": {
				"node": ">=6"
			}
		},
		"node_modules/pinia": {
			"version": "2.2.0",
			"resolved": "https://registry.npmmirror.com/pinia/-/pinia-2.2.0.tgz",
			"integrity": "sha512-iPrIh26GMqfpUlMOGyxuDowGmYousTecbTHFwT0xZ1zJvh23oQ+Cj99ZoPQA1TnUPhU6AuRPv6/drkTCJ0VHQA==",
			"dependencies": {
				"@vue/devtools-api": "^6.6.3",
				"vue-demi": "^0.14.8"
			},
			"funding": {
				"url": "https://github.com/sponsors/posva"
			},
			"peerDependencies": {
				"@vue/composition-api": "^1.4.0",
				"typescript": ">=4.4.4",
				"vue": "^2.6.14 || ^3.3.0"
			},
			"peerDependenciesMeta": {
				"@vue/composition-api": {
					"optional": true
				},
				"typescript": {
					"optional": true
				}
			}
		},
		"node_modules/prr": {
			"version": "1.0.1",
			"resolved": "https://registry.npmmirror.com/prr/-/prr-1.0.1.tgz",
			"integrity": "sha512-yPw4Sng1gWghHQWj0B3ZggWUm4qVbPwPFcRG8KyxiU7J2OHFSoEHKS+EZ3fv5l1t9CyCiop6l/ZYeWbrgoQejw==",
			"dev": true,
			"optional": true
		},
		"node_modules/regenerator-runtime": {
			"version": "0.14.1",
			"resolved": "https://registry.npmjs.org/regenerator-runtime/-/regenerator-runtime-0.14.1.tgz",
			"integrity": "sha512-dYnhHh0nJoMfnkZs6GmmhFknAGRrLznOu5nc9ML+EJxGvrx6H7teuevqVqCuPcPK//3eDrrjQhehXVx9cnkGdw=="
		},
		"node_modules/safer-buffer": {
			"version": "2.1.2",
			"resolved": "https://registry.npmmirror.com/safer-buffer/-/safer-buffer-2.1.2.tgz",
			"integrity": "sha512-YZo3K82SD7Riyi0E1EQPojLz7kpepnSQI9IyPbHHg1XXXevb5dJI7tpyN2ADxGcQbHG7vcyRHk0cbwqcQriUtg==",
			"dev": true,
			"optional": true
		},
		"node_modules/sax": {
			"version": "1.4.1",
			"resolved": "https://registry.npmmirror.com/sax/-/sax-1.4.1.tgz",
			"integrity": "sha512-+aWOz7yVScEGoKNd4PA10LZ8sk0A/z5+nXQG5giUO5rprX9jgYsTdov9qCchZiPIZezbZH+jRut8nPodFAX4Jg==",
			"dev": true,
			"optional": true
		},
		"node_modules/semver": {
			"version": "5.7.2",
			"resolved": "https://registry.npmmirror.com/semver/-/semver-5.7.2.tgz",
			"integrity": "sha512-cBznnQ9KjJqU67B52RMC65CMarK2600WFnbkcaiwWq3xy/5haFJlshgnpjovMVJ+Hff49d8GEn0b87C5pDQ10g==",
			"dev": true,
			"optional": true,
			"bin": {
				"semver": "bin/semver"
			}
		},
		"node_modules/source-map": {
			"version": "0.6.1",
			"resolved": "https://registry.npmmirror.com/source-map/-/source-map-0.6.1.tgz",
			"integrity": "sha512-UjgapumWlbMhkBgzT7Ykc5YXUT46F0iKu8SGXq0bcwP5dz/h0Plj6enJqjz1Zbq2l5WaqYnrVbwWOWMyF3F47g==",
			"dev": true,
			"optional": true,
			"engines": {
				"node": ">=0.10.0"
			}
		},
		"node_modules/tslib": {
			"version": "2.6.3",
			"resolved": "https://registry.npmmirror.com/tslib/-/tslib-2.6.3.tgz",
			"integrity": "sha512-xNvxJEOUiWPGhUuUdQgAJPKOOJfGnIyKySOc09XkKsgdUV/3E2zvwZYdejjmRgPCgcym1juLH3226yA7sEFJKQ==",
			"dev": true
		},
		"node_modules/vconsole": {
			"version": "3.15.1",
			"resolved": "https://registry.npmjs.org/vconsole/-/vconsole-3.15.1.tgz",
			"integrity": "sha512-KH8XLdrq9T5YHJO/ixrjivHfmF2PC2CdVoK6RWZB4yftMykYIaXY1mxZYAic70vADM54kpMQF+dYmvl5NRNy1g==",
			"dependencies": {
				"@babel/runtime": "^7.17.2",
				"copy-text-to-clipboard": "^3.0.1",
				"core-js": "^3.11.0",
				"mutation-observer": "^1.0.3"
			}
		},
		"node_modules/vue": {
			"version": "2.6.14",
			"resolved": "https://registry.npmmirror.com/vue/-/vue-2.6.14.tgz",
			"integrity": "sha512-x2284lgYvjOMj3Za7kqzRcUSxBboHqtgRE2zlos1qWaOye5yUmHn42LB1250NJBLRwEcdrB0JRwyPTEPhfQjiQ==",
			"deprecated": "Vue 2 has reached EOL and is no longer actively maintained. See https://v2.vuejs.org/eol/ for more details.",
			"peer": true
		},
		"node_modules/vue-demi": {
			"version": "0.14.10",
			"resolved": "https://registry.npmmirror.com/vue-demi/-/vue-demi-0.14.10.tgz",
			"integrity": "sha512-nMZBOwuzabUO0nLgIcc6rycZEebF6eeUfaiQx9+WSk8e29IbLvPU9feI6tqW4kTo3hvoYAJkMh8n8D0fuISphg==",
			"hasInstallScript": true,
			"bin": {
				"vue-demi-fix": "bin/vue-demi-fix.js",
				"vue-demi-switch": "bin/vue-demi-switch.js"
			},
			"engines": {
				"node": ">=12"
			},
			"funding": {
				"url": "https://github.com/sponsors/antfu"
			},
			"peerDependencies": {
				"@vue/composition-api": "^1.0.0-rc.1",
				"vue": "^3.0.0-0 || ^2.6.0"
			},
			"peerDependenciesMeta": {
				"@vue/composition-api": {
					"optional": true
				}
			}
		}
	}
}
